
Microsoft Visual Studio Solution File, Format Version 12.00
# Visual Studio 15
VisualStudioVersion = 15.0.27703.2000
MinimumVisualStudioVersion = 10.0.40219.1
Project("{FAE04EC0-301F-11D3-BF4B-00C04F79EFBC}") = "Intentando", "Intentando\Intentando.csproj", "{9CC2EE66-8E19-4F3E-B209-58039144C498}"
EndProject
Project("{FAE04EC0-301F-11D3-BF4B-00C04F79EFBC}") = "Entidades", "Entidades\Entidades.csproj", "{A7C13AA2-3CD0-4D30-AEEA-3DF6A9CE5BF1}"
EndProject
Project("{FAE04EC0-301F-11D3-BF4B-00C04F79EFBC}") = "Logica", "Logica\Logica.csproj", "{727BBA85-75D5-4552-BC61-2E6A0511156F}"
EndProject
Global
	GlobalSection(SolutionConfigurationPlatforms) = preSolution
		Debug|Any CPU = Debug|Any CPU
		Release|Any CPU = Release|Any CPU
	EndGlobalSection
	GlobalSection(ProjectConfigurationPlatforms) = postSolution
		{9CC2EE66-8E19-4F3E-B209-58039144C498}.Debug|Any CPU.ActiveCfg = Debug|Any CPU
		{9CC2EE66-8E19-4F3E-B209-58039144C498}.Debug|Any CPU.Build.0 = Debug|Any CPU
		{9CC2EE66-8E19-4F3E-B209-58039144C498}.Release|Any CPU.ActiveCfg = Release|Any CPU
		{9CC2EE66-8E19-4F3E-B209-58039144C498}.Release|Any CPU.Build.0 = Release|Any CPU
		{A7C13AA2-3CD0-4D30-AEEA-3DF6A9CE5BF1}.Debug|Any CPU.ActiveCfg = Debug|Any CPU
		{A7C13AA2-3CD0-4D30-AEEA-3DF6A9CE5BF1}.Debug|Any CPU.Build.0 = Debug|Any CPU
		{A7C13AA2-3CD0-4D30-AEEA-3DF6A9CE5BF1}.Release|Any CPU.ActiveCfg = Release|Any CPU
		{A7C13AA2-3CD0-4D30-AEEA-3DF6A9CE5BF1}.Release|Any CPU.Build.0 = Release|Any CPU
		{727BBA85-75D5-4552-BC61-2E6A0511156F}.Debug|Any CPU.ActiveCfg = Debug|Any CPU
		{727BBA85-75D5-4552-BC61-2E6A0511156F}.Debug|Any CPU.Build.0 = Debug|Any CPU
		{727BBA85-75D5-4552-BC61-2E6A0511156F}.Release|Any CPU.ActiveCfg = Release|Any CPU
		{727BBA85-75D5-4552-BC61-2E6A0511156F}.Release|Any CPU.Build.0 = Release|Any CPU
	EndGlobalSection
	GlobalSection(SolutionProperties) = preSolution
		HideSolutionNode = FALSE
	EndGlobalSection
	GlobalSection(ExtensibilityGlobals) = postSolution
		SolutionGuid = {6CA79109-1771-4024-9384-2F9246F6C001}
	EndGlobalSection
EndGlobal
